
Microsoft Visual Studio Solution File, Format Version 12.00
# Visual Studio Version 17
VisualStudioVersion = 17.9.34714.143
MinimumVisualStudioVersion = 10.0.40219.1
Project("{FAE04EC0-301F-11D3-BF4B-00C04F79EFBC}") = "Nonamii", "Nonamii.csproj", "{1C32385C-B204-42D4-AF8A-CD0809C2E71B}"
EndProject
Global
	GlobalSection(SolutionConfigurationPlatforms) = preSolution
		Debug|Any CPU = Debug|Any CPU
		Release|Any CPU = Release|Any CPU
	EndGlobalSection
	GlobalSection(ProjectConfigurationPlatforms) = postSolution
		{1C32385C-B204-42D4-AF8A-CD0809C2E71B}.Debug|Any CPU.ActiveCfg = Debug|Any CPU
		{1C32385C-B204-42D4-AF8A-CD0809C2E71B}.Debug|Any CPU.Build.0 = Debug|Any CPU
		{1C32385C-B204-42D4-AF8A-CD0809C2E71B}.Release|Any CPU.ActiveCfg = Release|Any CPU
		{1C32385C-B204-42D4-AF8A-CD0809C2E71B}.Release|Any CPU.Build.0 = Release|Any CPU
	EndGlobalSection
	GlobalSection(SolutionProperties) = preSolution
		HideSolutionNode = FALSE
	EndGlobalSection
	GlobalSection(ExtensibilityGlobals) = postSolution
		SolutionGuid = {FE63B572-F3A1-400F-A7E6-4173CA6E00AA}
	EndGlobalSection
EndGlobal
